// !$*UTF8*$!
{
	archiveVersion = 1;
	classes = {
	};
	objectVersion = 55;
	objects = {

/* Begin PBXBuildFile section */
		0B7147CC28E7280300B64E1D /* AppDelegate.swift in Sources */ = {isa = PBXBuildFile; fileRef = 0B7147CB28E7280300B64E1D /* AppDelegate.swift */; };
		0B7147D028E7280300B64E1D /* ViewController.swift in Sources */ = {isa = PBXBuildFile; fileRef = 0B7147CF28E7280300B64E1D /* ViewController.swift */; };
		0B7147D528E7280500B64E1D /* Assets.xcassets in Resources */ = {isa = PBXBuildFile; fileRef = 0B7147D428E7280500B64E1D /* Assets.xcassets */; };
		0B7147D828E7280500B64E1D /* LaunchScreen.storyboard in Resources */ = {isa = PBXBuildFile; fileRef = 0B7147D628E7280500B64E1D /* LaunchScreen.storyboard */; };
		0B7147E128E735C800B64E1D /* ProfileHeaderView.swift in Sources */ = {isa = PBXBuildFile; fileRef = 0B7147E028E735C800B64E1D /* ProfileHeaderView.swift */; };
		0B7147E528E7391300B64E1D /* FeedViewController.swift in Sources */ = {isa = PBXBuildFile; fileRef = 0B7147E428E7391300B64E1D /* FeedViewController.swift */; };
		0B7147E728E7395700B64E1D /* ProfileViewController.swift in Sources */ = {isa = PBXBuildFile; fileRef = 0B7147E628E7395700B64E1D /* ProfileViewController.swift */; };
		0B7147E928E739CB00B64E1D /* SceneDelegate.swift in Sources */ = {isa = PBXBuildFile; fileRef = 0B7147E828E739CB00B64E1D /* SceneDelegate.swift */; };
		0B7147EB28E739E300B64E1D /* PostViewController.swift in Sources */ = {isa = PBXBuildFile; fileRef = 0B7147EA28E739E300B64E1D /* PostViewController.swift */; };
		0B7147ED28E739EA00B64E1D /* InfoViewController.swift in Sources */ = {isa = PBXBuildFile; fileRef = 0B7147EC28E739EA00B64E1D /* InfoViewController.swift */; };
		0B7147EF28E739F200B64E1D /* Post.swift in Sources */ = {isa = PBXBuildFile; fileRef = 0B7147EE28E739F200B64E1D /* Post.swift */; };
/* End PBXBuildFile section */

/* Begin PBXFileReference section */
		0B7147C828E7280300B64E1D /* Base UI components.app */ = {isa = PBXFileReference; explicitFileType = wrapper.application; includeInIndex = 0; path = "Base UI components.app"; sourceTree = BUILT_PRODUCTS_DIR; };
		0B7147CB28E7280300B64E1D /* AppDelegate.swift */ = {isa = PBXFileReference; lastKnownFileType = sourcecode.swift; path = AppDelegate.swift; sourceTree = "<group>"; };
		0B7147CF28E7280300B64E1D /* ViewController.swift */ = {isa = PBXFileReference; lastKnownFileType = sourcecode.swift; path = ViewController.swift; sourceTree = "<group>"; };
		0B7147D428E7280500B64E1D /* Assets.xcassets */ = {isa = PBXFileReference; lastKnownFileType = folder.assetcatalog; path = Assets.xcassets; sourceTree = "<group>"; };
		0B7147D728E7280500B64E1D /* Base */ = {isa = PBXFileReference; lastKnownFileType = file.storyboard; name = Base; path = Base.lproj/LaunchScreen.storyboard; sourceTree = "<group>"; };
		0B7147D928E7280500B64E1D /* Info.plist */ = {isa = PBXFileReference; lastKnownFileType = text.plist.xml; path = Info.plist; sourceTree = "<group>"; };
		0B7147E028E735C800B64E1D /* ProfileHeaderView.swift */ = {isa = PBXFileReference; lastKnownFileType = sourcecode.swift; path = ProfileHeaderView.swift; sourceTree = "<group>"; };
		0B7147E428E7391300B64E1D /* FeedViewController.swift */ = {isa = PBXFileReference; fileEncoding = 4; lastKnownFileType = sourcecode.swift; path = FeedViewController.swift; sourceTree = "<group>"; };
		0B7147E628E7395700B64E1D /* ProfileViewController.swift */ = {isa = PBXFileReference; fileEncoding = 4; lastKnownFileType = sourcecode.swift; path = ProfileViewController.swift; sourceTree = "<group>"; };
		0B7147E828E739CB00B64E1D /* SceneDelegate.swift */ = {isa = PBXFileReference; fileEncoding = 4; lastKnownFileType = sourcecode.swift; path = SceneDelegate.swift; sourceTree = "<group>"; };
		0B7147EA28E739E300B64E1D /* PostViewController.swift */ = {isa = PBXFileReference; fileEncoding = 4; lastKnownFileType = sourcecode.swift; path = PostViewController.swift; sourceTree = "<group>"; };
		0B7147EC28E739EA00B64E1D /* InfoViewController.swift */ = {isa = PBXFileReference; fileEncoding = 4; lastKnownFileType = sourcecode.swift; path = InfoViewController.swift; sourceTree = "<group>"; };
		0B7147EE28E739F200B64E1D /* Post.swift */ = {isa = PBXFileReference; fileEncoding = 4; lastKnownFileType = sourcecode.swift; path = Post.swift; sourceTree = "<group>"; };
/* End PBXFileReference section */

/* Begin PBXFrameworksBuildPhase section */
		0B7147C528E7280300B64E1D /* Frameworks */ = {
			isa = PBXFrameworksBuildPhase;
			buildActionMask = 2147483647;
			files = (
			);
			runOnlyForDeploymentPostprocessing = 0;
		};
/* End PBXFrameworksBuildPhase section */

/* Begin PBXGroup section */
		0B7147BF28E7280300B64E1D = {
			isa = PBXGroup;
			children = (
				0B7147DF28E7350A00B64E1D /* Profile */,
				0B7147CA28E7280300B64E1D /* Base UI components */,
				0B7147C928E7280300B64E1D /* Products */,
			);
			sourceTree = "<group>";
		};
		0B7147C928E7280300B64E1D /* Products */ = {
			isa = PBXGroup;
			children = (
				0B7147C828E7280300B64E1D /* Base UI components.app */,
			);
			name = Products;
			sourceTree = "<group>";
		};
		0B7147CA28E7280300B64E1D /* Base UI components */ = {
			isa = PBXGroup;
			children = (
				0B7147CB28E7280300B64E1D /* AppDelegate.swift */,
				0B7147E828E739CB00B64E1D /* SceneDelegate.swift */,
				0B7147CF28E7280300B64E1D /* ViewController.swift */,
				0B7147D428E7280500B64E1D /* Assets.xcassets */,
				0B7147D628E7280500B64E1D /* LaunchScreen.storyboard */,
				0B7147D928E7280500B64E1D /* Info.plist */,
				0B7147E428E7391300B64E1D /* FeedViewController.swift */,
				0B7147EA28E739E300B64E1D /* PostViewController.swift */,
				0B7147EC28E739EA00B64E1D /* InfoViewController.swift */,
				0B7147EE28E739F200B64E1D /* Post.swift */,
			);
			path = "Base UI components";
			sourceTree = "<group>";
		};
		0B7147DF28E7350A00B64E1D /* Profile */ = {
			isa = PBXGroup;
			children = (
				0B7147E028E735C800B64E1D /* ProfileHeaderView.swift */,
				0B7147E628E7395700B64E1D /* ProfileViewController.swift */,
			);
			path = Profile;
			sourceTree = "<group>";
		};
/* End PBXGroup section */

/* Begin PBXNativeTarget section */
		0B7147C728E7280300B64E1D /* Base UI components */ = {
			isa = PBXNativeTarget;
			buildConfigurationList = 0B7147DC28E7280500B64E1D /* Build configuration list for PBXNativeTarget "Base UI components" */;
			buildPhases = (
				0B7147C428E7280300B64E1D /* Sources */,
				0B7147C528E7280300B64E1D /* Frameworks */,
				0B7147C628E7280300B64E1D /* Resources */,
			);
			buildRules = (
			);
			dependencies = (
			);
			name = "Base UI components";
			productName = "Base UI components";
			productReference = 0B7147C828E7280300B64E1D /* Base UI components.app */;
			productType = "com.apple.product-type.application";
		};
/* End PBXNativeTarget section */

/* Begin PBXProject section */
		0B7147C028E7280300B64E1D /* Project object */ = {
			isa = PBXProject;
			attributes = {
				BuildIndependentTargetsInParallel = 1;
				LastSwiftUpdateCheck = 1340;
				LastUpgradeCheck = 1340;
				TargetAttributes = {
					0B7147C728E7280300B64E1D = {
						CreatedOnToolsVersion = 13.4.1;
					};
				};
			};
			buildConfigurationList = 0B7147C328E7280300B64E1D /* Build configuration list for PBXProject "Base UI components" */;
			compatibilityVersion = "Xcode 13.0";
			developmentRegion = en;
			hasScannedForEncodings = 0;
			knownRegions = (
				en,
				Base,
			);
			mainGroup = 0B7147BF28E7280300B64E1D;
			productRefGroup = 0B7147C928E7280300B64E1D /* Products */;
			projectDirPath = "";
			projectRoot = "";
			targets = (
				0B7147C728E7280300B64E1D /* Base UI components */,
			);
		};
/* End PBXProject section */

/* Begin PBXResourcesBuildPhase section */
		0B7147C628E7280300B64E1D /* Resources */ = {
			isa = PBXResourcesBuildPhase;
			buildActionMask = 2147483647;
			files = (
				0B7147D828E7280500B64E1D /* LaunchScreen.storyboard in Resources */,
				0B7147D528E7280500B64E1D /* Assets.xcassets in Resources */,
			);
			runOnlyForDeploymentPostprocessing = 0;
		};
/* End PBXResourcesBuildPhase section */

/* Begin PBXSourcesBuildPhase section */
		0B7147C428E7280300B64E1D /* Sources */ = {
			isa = PBXSourcesBuildPhase;
			buildActionMask = 2147483647;
			files = (
				0B7147E728E7395700B64E1D /* ProfileViewController.swift in Sources */,
				0B7147D028E7280300B64E1D /* ViewController.swift in Sources */,
				0B7147EB28E739E300B64E1D /* PostViewController.swift in Sources */,
				0B7147CC28E7280300B64E1D /* AppDelegate.swift in Sources */,
				0B7147E528E7391300B64E1D /* FeedViewController.swift in Sources */,
				0B7147E128E735C800B64E1D /* ProfileHeaderView.swift in Sources */,
				0B7147EF28E739F200B64E1D /* Post.swift in Sources */,
				0B7147ED28E739EA00B64E1D /* InfoViewController.swift in Sources */,
				0B7147E928E739CB00B64E1D /* SceneDelegate.swift in Sources */,
			);
			runOnlyForDeploymentPostprocessing = 0;
		};
/* End PBXSourcesBuildPhase section */

/* Begin PBXVariantGroup section */
		0B7147D628E7280500B64E1D /* LaunchScreen.storyboard */ = {
			isa = PBXVariantGroup;
			children = (
				0B7147D728E7280500B64E1D /* Base */,
			);
			name = LaunchScreen.storyboard;
			sourceTree = "<group>";
		};
/* End PBXVariantGroup section */

/* Begin XCBuildConfiguration section */
		0B7147DA28E7280500B64E1D /* Debug */ = {
			isa = XCBuildConfiguration;
			buildSettings = {
				ALWAYS_SEARCH_USER_PATHS = NO;
				CLANG_ANALYZER_NONNULL = YES;
				CLANG_ANALYZER_NUMBER_OBJECT_CONVERSION = YES_AGGRESSIVE;
				CLANG_CXX_LANGUAGE_STANDARD = "gnu++17";
				CLANG_ENABLE_MODULES = YES;
				CLANG_ENABLE_OBJC_ARC = YES;
				CLANG_ENABLE_OBJC_WEAK = YES;
				CLANG_WARN_BLOCK_CAPTURE_AUTORELEASING = YES;
				CLANG_WARN_BOOL_CONVERSION = YES;
				CLANG_WARN_COMMA = YES;
				CLANG_WARN_CONSTANT_CONVERSION = YES;
				CLANG_WARN_DEPRECATED_OBJC_IMPLEMENTATIONS = YES;
				CLANG_WARN_DIRECT_OBJC_ISA_USAGE = YES_ERROR;
				CLANG_WARN_DOCUMENTATION_COMMENTS = YES;
				CLANG_WARN_EMPTY_BODY = YES;
				CLANG_WARN_ENUM_CONVERSION = YES;
				CLANG_WARN_INFINITE_RECURSION = YES;
				CLANG_WARN_INT_CONVERSION = YES;
				CLANG_WARN_NON_LITERAL_NULL_CONVERSION = YES;
				CLANG_WARN_OBJC_IMPLICIT_RETAIN_SELF = YES;
				CLANG_WARN_OBJC_LITERAL_CONVERSION = YES;
				CLANG_WARN_OBJC_ROOT_CLASS = YES_ERROR;
				CLANG_WARN_QUOTED_INCLUDE_IN_FRAMEWORK_HEADER = YES;
				CLANG_WARN_RANGE_LOOP_ANALYSIS = YES;
				CLANG_WARN_STRICT_PROTOTYPES = YES;
				CLANG_WARN_SUSPICIOUS_MOVE = YES;
				CLANG_WARN_UNGUARDED_AVAILABILITY = YES_AGGRESSIVE;
				CLANG_WARN_UNREACHABLE_CODE = YES;
				CLANG_WARN__DUPLICATE_METHOD_MATCH = YES;
				COPY_PHASE_STRIP = NO;
				DEBUG_INFORMATION_FORMAT = dwarf;
				ENABLE_STRICT_OBJC_MSGSEND = YES;
				ENABLE_TESTABILITY = YES;
				GCC_C_LANGUAGE_STANDARD = gnu11;
				GCC_DYNAMIC_NO_PIC = NO;
				GCC_NO_COMMON_BLOCKS = YES;
				GCC_OPTIMIZATION_LEVEL = 0;
				GCC_PREPROCESSOR_DEFINITIONS = (
					"DEBUG=1",
					"$(inherited)",
				);
				GCC_WARN_64_TO_32_BIT_CONVERSION = YES;
				GCC_WARN_ABOUT_RETURN_TYPE = YES_ERROR;
				GCC_WARN_UNDECLARED_SELECTOR = YES;
				GCC_WARN_UNINITIALIZED_AUTOS = YES_AGGRESSIVE;
				GCC_WARN_UNUSED_FUNCTION = YES;
				GCC_WARN_UNUSED_VARIABLE = YES;
				IPHONEOS_DEPLOYMENT_TARGET = 15.5;
				MTL_ENABLE_DEBUG_INFO = INCLUDE_SOURCE;
				MTL_FAST_MATH = YES;
				ONLY_ACTIVE_ARCH = YES;
				SDKROOT = iphoneos;
				SWIFT_ACTIVE_COMPILATION_CONDITIONS = DEBUG;
				SWIFT_OPTIMIZATION_LEVEL = "-Onone";
			};
			name = Debug;
		};
		0B7147DB28E7280500B64E1D /* Release */ = {
			isa = XCBuildConfiguration;
			buildSettings = {
				ALWAYS_SEARCH_USER_PATHS = NO;
				CLANG_ANALYZER_NONNULL = YES;
				CLANG_ANALYZER_NUMBER_OBJECT_CONVERSION = YES_AGGRESSIVE;
				CLANG_CXX_LANGUAGE_STANDARD = "gnu++17";
				CLANG_ENABLE_MODULES = YES;
				CLANG_ENABLE_OBJC_ARC = YES;
				CLANG_ENABLE_OBJC_WEAK = YES;
				CLANG_WARN_BLOCK_CAPTURE_AUTORELEASING = YES;
				CLANG_WARN_BOOL_CONVERSION = YES;
				CLANG_WARN_COMMA = YES;
				CLANG_WARN_CONSTANT_CONVERSION = YES;
				CLANG_WARN_DEPRECATED_OBJC_IMPLEMENTATIONS = YES;
				CLANG_WARN_DIRECT_OBJC_ISA_USAGE = YES_ERROR;
				CLANG_WARN_DOCUMENTATION_COMMENTS = YES;
				CLANG_WARN_EMPTY_BODY = YES;
				CLANG_WARN_ENUM_CONVERSION = YES;
				CLANG_WARN_INFINITE_RECURSION = YES;
				CLANG_WARN_INT_CONVERSION = YES;
				CLANG_WARN_NON_LITERAL_NULL_CONVERSION = YES;
				CLANG_WARN_OBJC_IMPLICIT_RETAIN_SELF = YES;
				CLANG_WARN_OBJC_LITERAL_CONVERSION = YES;
				CLANG_WARN_OBJC_ROOT_CLASS = YES_ERROR;
				CLANG_WARN_QUOTED_INCLUDE_IN_FRAMEWORK_HEADER = YES;
				CLANG_WARN_RANGE_LOOP_ANALYSIS = YES;
				CLANG_WARN_STRICT_PROTOTYPES = YES;
				CLANG_WARN_SUSPICIOUS_MOVE = YES;
				CLANG_WARN_UNGUARDED_AVAILABILITY = YES_AGGRESSIVE;
				CLANG_WARN_UNREACHABLE_CODE = YES;
				CLANG_WARN__DUPLICATE_METHOD_MATCH = YES;
				COPY_PHASE_STRIP = NO;
				DEBUG_INFORMATION_FORMAT = "dwarf-with-dsym";
				ENABLE_NS_ASSERTIONS = NO;
				ENABLE_STRICT_OBJC_MSGSEND = YES;
				GCC_C_LANGUAGE_STANDARD = gnu11;
				GCC_NO_COMMON_BLOCKS = YES;
				GCC_WARN_64_TO_32_BIT_CONVERSION = YES;
				GCC_WARN_ABOUT_RETURN_TYPE = YES_ERROR;
				GCC_WARN_UNDECLARED_SELECTOR = YES;
				GCC_WARN_UNINITIALIZED_AUTOS = YES_AGGRESSIVE;
				GCC_WARN_UNUSED_FUNCTION = YES;
				GCC_WARN_UNUSED_VARIABLE = YES;
				IPHONEOS_DEPLOYMENT_TARGET = 15.5;
				MTL_ENABLE_DEBUG_INFO = NO;
				MTL_FAST_MATH = YES;
				SDKROOT = iphoneos;
				SWIFT_COMPILATION_MODE = wholemodule;
				SWIFT_OPTIMIZATION_LEVEL = "-O";
				VALIDATE_PRODUCT = YES;
			};
			name = Release;
		};
		0B7147DD28E7280500B64E1D /* Debug */ = {
			isa = XCBuildConfiguration;
			buildSettings = {
				ASSETCATALOG_COMPILER_APPICON_NAME = AppIcon;
				ASSETCATALOG_COMPILER_GLOBAL_ACCENT_COLOR_NAME = AccentColor;
				CODE_SIGN_STYLE = Automatic;
				CURRENT_PROJECT_VERSION = 1;
				GENERATE_INFOPLIST_FILE = YES;
				INFOPLIST_FILE = "Base UI components/Info.plist";
				INFOPLIST_KEY_UIApplicationSupportsIndirectInputEvents = YES;
				INFOPLIST_KEY_UILaunchStoryboardName = LaunchScreen;
				INFOPLIST_KEY_UISupportedInterfaceOrientations_iPad = "UIInterfaceOrientationPortrait UIInterfaceOrientationPortraitUpsideDown UIInterfaceOrientationLandscapeLeft UIInterfaceOrientationLandscapeRight";
				INFOPLIST_KEY_UISupportedInterfaceOrientations_iPhone = "UIInterfaceOrientationPortrait UIInterfaceOrientationLandscapeLeft UIInterfaceOrientationLandscapeRight";
				LD_RUNPATH_SEARCH_PATHS = (
					"$(inherited)",
					"@executable_path/Frameworks",
				);
				MARKETING_VERSION = 1.0;
				PRODUCT_BUNDLE_IDENTIFIER = "com.yourcompany.Base-UI-components";
				PRODUCT_NAME = "$(TARGET_NAME)";
				SWIFT_EMIT_LOC_STRINGS = YES;
				SWIFT_VERSION = 5.0;
				TARGETED_DEVICE_FAMILY = "1,2";
			};
			name = Debug;
		};
		0B7147DE28E7280500B64E1D /* Release */ = {
			isa = XCBuildConfiguration;
			buildSettings = {
				ASSETCATALOG_COMPILER_APPICON_NAME = AppIcon;
				ASSETCATALOG_COMPILER_GLOBAL_ACCENT_COLOR_NAME = AccentColor;
				CODE_SIGN_STYLE = Automatic;
				CURRENT_PROJECT_VERSION = 1;
				GENERATE_INFOPLIST_FILE = YES;
				INFOPLIST_FILE = "Base UI components/Info.plist";
				INFOPLIST_KEY_UIApplicationSupportsIndirectInputEvents = YES;
				INFOPLIST_KEY_UILaunchStoryboardName = LaunchScreen;
				INFOPLIST_KEY_UISupportedInterfaceOrientations_iPad = "UIInterfaceOrientationPortrait UIInterfaceOrientationPortraitUpsideDown UIInterfaceOrientationLandscapeLeft UIInterfaceOrientationLandscapeRight";
				INFOPLIST_KEY_UISupportedInterfaceOrientations_iPhone = "UIInterfaceOrientationPortrait UIInterfaceOrientationLandscapeLeft UIInterfaceOrientationLandscapeRight";
				LD_RUNPATH_SEARCH_PATHS = (
					"$(inherited)",
					"@executable_path/Frameworks",
				);
				MARKETING_VERSION = 1.0;
				PRODUCT_BUNDLE_IDENTIFIER = "com.yourcompany.Base-UI-components";
				PRODUCT_NAME = "$(TARGET_NAME)";
				SWIFT_EMIT_LOC_STRINGS = YES;
				SWIFT_VERSION = 5.0;
				TARGETED_DEVICE_FAMILY = "1,2";
			};
			name = Release;
		};
/* End XCBuildConfiguration section */

/* Begin XCConfigurationList section */
		0B7147C328E7280300B64E1D /* Build configuration list for PBXProject "Base UI components" */ = {
			isa = XCConfigurationList;
			buildConfigurations = (
				0B7147DA28E7280500B64E1D /* Debug */,
				0B7147DB28E7280500B64E1D /* Release */,
			);
			defaultConfigurationIsVisible = 0;
			defaultConfigurationName = Release;
		};
		0B7147DC28E7280500B64E1D /* Build configuration list for PBXNativeTarget "Base UI components" */ = {
			isa = XCConfigurationList;
			buildConfigurations = (
				0B7147DD28E7280500B64E1D /* Debug */,
				0B7147DE28E7280500B64E1D /* Release */,
			);
			defaultConfigurationIsVisible = 0;
			defaultConfigurationName = Release;
		};
/* End XCConfigurationList section */
	};
	rootObject = 0B7147C028E7280300B64E1D /* Project object */;
}
